{
  "name": "ugc_guard_javascript",
  "version": "1.0.0",
  "lockfileVersion": 3,
  "requires": true,
  "packages": {
    "": {
      "name": "ugc_guard_javascript",
      "version": "1.0.0",
      "license": "MIT",
      "dependencies": {
        "ugc_guard_javascript": "file:ugc_guard_javascript-1.0.0.tgz"
      },
      "devDependencies": {
        "@types/bun": "latest"
      },
      "peerDependencies": {
        "typescript": "^5"
      }
    },
    "node_modules/@types/bun": {
      "version": "1.2.15",
      "resolved": "https://registry.npmjs.org/@types/bun/-/bun-1.2.15.tgz",
      "integrity": "sha512-U1ljPdBEphF0nw1MIk0hI7kPg7dFdPyM7EenHsp6W5loNHl7zqy6JQf/RKCgnUn2KDzUpkBwHPnEJEjII594bA==",
      "dev": true,
      "license": "MIT",
      "dependencies": {
        "bun-types": "1.2.15"
      }
    },
    "node_modules/@types/node": {
      "version": "24.0.0",
      "dev": true,
      "license": "MIT",
      "dependencies": {
        "undici-types": "~7.8.0"
      }
    },
    "node_modules/bun-types": {
      "version": "1.2.15",
      "dev": true,
      "license": "MIT",
      "dependencies": {
        "@types/node": "*"
      }
    },
    "node_modules/typescript": {
      "version": "5.8.3",
      "license": "Apache-2.0",
      "peer": true,
      "bin": {
        "tsc": "bin/tsc",
        "tsserver": "bin/tsserver"
      },
      "engines": {
        "node": ">=14.17"
      }
    },
    "node_modules/ugc_guard_javascript": {
      "version": "1.0.0",
      "resolved": "file:ugc_guard_javascript-1.0.0.tgz",
      "integrity": "sha512-8sQgCR6op6jnhkQ0vXp34Xyf5yDr2+apmFKlAjAkAkxxcDtgHmn/QZCvgqFzO29P0V97kPWp+dxa/gfTiVzz5A==",
      "license": "MIT",
      "dependencies": {
        "ugc_guard_javascript": "file:ugc_guard_javascript-1.0.0.tgz"
      },
      "peerDependencies": {
        "typescript": "^5"
      }
    },
    "node_modules/undici-types": {
      "version": "7.8.0",
      "dev": true,
      "license": "MIT"
    }
  }
}
